lockfileVersion: '6.0'

settings:
  autoInstallPeers: true
  excludeLinksFromLockfile: false

dependencies:
  '@midwayjs/validate':
    specifier: '3'
    version: 3.15.6

packages:

  /@hapi/hoek@9.3.0:
    resolution: {integrity: sha512-/c6rf4UJlmHlC9b5BaNvzAcFv7HZ2QHaV0D4/HNlBdvFnvQq8RI4kYdhyPCl7Xj+oWvTWQ8ujhqS53LIgAe6KQ==}
    dev: false

  /@hapi/topo@5.1.0:
    resolution: {integrity: sha512-foQZKJig7Ob0BMAYBfcJk8d77QtOe7Wo4ox7ff1lQYoNNAb6jwcY1ncdoy2e9wQZzvNy7ODZCYJkK8kzmcAnAg==}
    dependencies:
      '@hapi/hoek': 9.3.0
    dev: false

  /@midwayjs/i18n@3.15.6:
    resolution: {integrity: sha512-/QQSUCfKCCAGq7Cq95YDZJzrmDf02ktF/F+HmQ7AOTewbZXUUpl4AtLxA2PBg3BDgUN6nNlV6giFzrzt/RKzpw==}
    engines: {node: '>=12'}
    dependencies:
      picomatch: 2.3.1
    dev: false

  /@midwayjs/validate@3.15.6:
    resolution: {integrity: sha512-zAkYbcEayM0DHQyk1iZoDwOvpA09KBXmUCp2YrrN5RXrFbthv8q1sx/e17Nme0rpEh6man43l/bAMJIJrp5FuQ==}
    engines: {node: '>=12'}
    dependencies:
      '@midwayjs/i18n': 3.15.6
      joi: 17.12.2
    dev: false

  /@sideway/address@4.1.5:
    resolution: {integrity: sha512-IqO/DUQHUkPeixNQ8n0JA6102hT9CmaljNTPmQ1u8MEhBo/R4Q8eKLN/vGZxuebwOroDB4cbpjheD4+/sKFK4Q==}
    dependencies:
      '@hapi/hoek': 9.3.0
    dev: false

  /@sideway/formula@3.0.1:
    resolution: {integrity: sha512-/poHZJJVjx3L+zVD6g9KgHfYnb443oi7wLu/XKojDviHy6HOEOA6z1Trk5aR1dGcmPenJEgb2sK2I80LeS3MIg==}
    dev: false

  /@sideway/pinpoint@2.0.0:
    resolution: {integrity: sha512-RNiOoTPkptFtSVzQevY/yWtZwf/RxyVnPy/OcA9HBM3MlGDnBEYL5B41H0MTn0Uec8Hi+2qUtTfG2WWZBmMejQ==}
    dev: false

  /joi@17.12.2:
    resolution: {integrity: sha512-RonXAIzCiHLc8ss3Ibuz45u28GOsWE1UpfDXLbN/9NKbL4tCJf8TWYVKsoYuuh+sAUt7fsSNpA+r2+TBA6Wjmw==}
    dependencies:
      '@hapi/hoek': 9.3.0
      '@hapi/topo': 5.1.0
      '@sideway/address': 4.1.5
      '@sideway/formula': 3.0.1
      '@sideway/pinpoint': 2.0.0
    dev: false

  /picomatch@2.3.1:
    resolution: {integrity: sha512-JU3teHTNjmE2VCGFzuY8EXzCDVwEqB2a8fsIvwaStHhAWJEeVd1o1QD80CU6+ZdEXXSLbSsuLwJjkCBWqRQUVA==}
    engines: {node: '>=8.6'}
    dev: false
